{
  "version": 4,
  "terraform_version": "1.12.2",
  "serial": 4,
  "lineage": "dc60979e-f69b-6e37-c145-09f25e414627",
  "outputs": {
    "s3_bucket_name": {
      "value": "my-terraform-demo-bucket-123",
      "type": "string"
    }
  },
  "resources": [
    {
      "mode": "managed",
      "type": "aws_security_group",
      "name": "ssh_access",
      "provider": "provider[\"registry.terraform.io/hashicorp/aws\"]",
      "instances": [
        {
          "schema_version": 1,
          "attributes": {
            "arn": "arn:aws:ec2:us-east-1:653794651609:security-group/sg-098bd8d9182a06194",
            "description": "Allow SSH inbound traffic",
            "egress": [
              {
                "cidr_blocks": [
                  "0.0.0.0/0"
                ],
                "description": "",
                "from_port": 0,
                "ipv6_cidr_blocks": [],
                "prefix_list_ids": [],
                "protocol": "-1",
                "security_groups": [],
                "self": false,
                "to_port": 0
              }
            ],
            "id": "sg-098bd8d9182a06194",
            "ingress": [
              {
                "cidr_blocks": [
                  "0.0.0.0/0"
                ],
                "description": "SSH",
                "from_port": 22,
                "ipv6_cidr_blocks": [],
                "prefix_list_ids": [],
                "protocol": "tcp",
                "security_groups": [],
                "self": false,
                "to_port": 22
              }
            ],
            "name": "ssh_access",
            "name_prefix": "",
            "owner_id": "653794651609",
            "region": "us-east-1",
            "revoke_rules_on_delete": false,
            "tags": {
              "Name": "SSHAccess"
            },
            "tags_all": {
              "Name": "SSHAccess"
            },
            "timeouts": null,
            "vpc_id": "vpc-01dd1a701286df65f"
          },
          "sensitive_attributes": [],
          "identity_schema_version": 0,
          "identity": {
            "account_id": "653794651609",
            "id": "sg-098bd8d9182a06194",
            "region": "us-east-1"
          },
          "private": "eyJlMmJmYjczMC1lY2FhLTExZTYtOGY4OC0zNDM2M2JjN2M0YzAiOnsiY3JlYXRlIjo2MDAwMDAwMDAwMDAsImRlbGV0ZSI6OTAwMDAwMDAwMDAwfSwic2NoZW1hX3ZlcnNpb24iOiIxIn0="
        }
      ]
    }
  ],
  "check_results": null
}
